
Microsoft Visual Studio Solution File, Format Version 12.00
# Visual Studio 14
VisualStudioVersion = 14.0.23107.0
MinimumVisualStudioVersion = 10.0.40219.1
Project("{2150E333-8FDC-42A3-9474-1A3956D46DE8}") = "src", "src", "{C076E88B-A22F-44EA-B126-ED92E7122C58}"
EndProject
Project("{FAE04EC0-301F-11D3-BF4B-00C04F79EFBC}") = "LunchBox", "LunchBox\LunchBox.csproj", "{70F2C417-F71E-4AF5-84A8-A670D22C4308}"
EndProject
Global
	GlobalSection(SolutionConfigurationPlatforms) = preSolution
		Debug|Any CPU = Debug|Any CPU
		Release|Any CPU = Release|Any CPU
	EndGlobalSection
	GlobalSection(ProjectConfigurationPlatforms) = postSolution
		{70F2C417-F71E-4AF5-84A8-A670D22C4308}.Debug|Any CPU.ActiveCfg = Debug|Any CPU
		{70F2C417-F71E-4AF5-84A8-A670D22C4308}.Debug|Any CPU.Build.0 = Debug|Any CPU
		{70F2C417-F71E-4AF5-84A8-A670D22C4308}.Release|Any CPU.ActiveCfg = Release|Any CPU
		{70F2C417-F71E-4AF5-84A8-A670D22C4308}.Release|Any CPU.Build.0 = Release|Any CPU
	EndGlobalSection
	GlobalSection(SolutionProperties) = preSolution
		HideSolutionNode = FALSE
	EndGlobalSection
	GlobalSection(NestedProjects) = preSolution
		{70F2C417-F71E-4AF5-84A8-A670D22C4308} = {C076E88B-A22F-44EA-B126-ED92E7122C58}
	EndGlobalSection
EndGlobal
